{
  "version": 4,
  "terraform_version": "1.14.8",
  "serial": 2,
  "lineage": "3ec6ef64-084a-a072-792f-f26682faac05",
  "outputs": {
    "instance_id": {
      "value": "ocid1.instance.oc1.iad.anuwcljtn2wfyeacioccelofyokdwgcrvivtxastew6riunlziyd3zy7dd7a",
      "type": "string"
    },
    "public_ip": {
      "value": "150.136.162.43",
      "type": "string"
    }
  },
  "resources": [
    {
      "mode": "data",
      "type": "oci_identity_availability_domains",
      "name": "ads",
      "provider": "provider[\"registry.terraform.io/oracle/oci\"]",
      "instances": [
        {
          "schema_version": 0,
          "attributes": {
            "availability_domains": [
              {
                "compartment_id": "ocid1.tenancy.oc1..aaaaaaaa6n6sxn6k3evdkp4ao6e3jmnknz3u3wgjvxcqsc2bewl6tmw52wtq",
                "id": "ocid1.availabilitydomain.oc1..aaaaaaaatrwxaogr7dl4yschqtrmqrdv6uzis3mgbnomiagqrfhcb7mxsfdq",
                "name": "uRtx:US-ASHBURN-AD-1"
              },
              {
                "compartment_id": "ocid1.tenancy.oc1..aaaaaaaa6n6sxn6k3evdkp4ao6e3jmnknz3u3wgjvxcqsc2bewl6tmw52wtq",
                "id": "ocid1.availabilitydomain.oc1..aaaaaaaaztunlny6ae4yw2vghp5go2zceaonwp6wiioe3tnh2vlaxjjl2n3a",
                "name": "uRtx:US-ASHBURN-AD-2"
              },
              {
                "compartment_id": "ocid1.tenancy.oc1..aaaaaaaa6n6sxn6k3evdkp4ao6e3jmnknz3u3wgjvxcqsc2bewl6tmw52wtq",
                "id": "ocid1.availabilitydomain.oc1..aaaaaaaauvt2n7pijol7uqgdnnsoojcukrijtmcltvfwxazmitk235wyohta",
                "name": "uRtx:US-ASHBURN-AD-3"
              }
            ],
            "compartment_id": "ocid1.tenancy.oc1..aaaaaaaa6n6sxn6k3evdkp4ao6e3jmnknz3u3wgjvxcqsc2bewl6tmw52wtq",
            "filter": null,
            "id": "IdentityAvailabilityDomainsDataSource-3175792587"
          },
          "sensitive_attributes": [],
          "identity_schema_version": 0
        }
      ]
    },
    {
      "mode": "managed",
      "type": "oci_core_instance",
      "name": "node",
      "provider": "provider[\"registry.terraform.io/oracle/oci\"]",
      "instances": [
        {
          "schema_version": 0,
          "attributes": {
            "agent_config": [
              {
                "are_all_plugins_disabled": false,
                "is_management_disabled": false,
                "is_monitoring_disabled": false,
                "plugins_config": []
              }
            ],
            "async": null,
            "availability_config": [
              {
                "is_live_migration_preferred": false,
                "recovery_action": "RESTORE_INSTANCE"
              }
            ],
            "availability_domain": "uRtx:US-ASHBURN-AD-1",
            "boot_volume_id": "ocid1.bootvolume.oc1.iad.abuwcljtiqwrwhwep7mmudka7qqcwhz5lra7f5xxl5wegscdxgppdl654l4a",
            "capacity_reservation_id": null,
            "cluster_placement_group_id": null,
            "compartment_id": "ocid1.tenancy.oc1..aaaaaaaa6n6sxn6k3evdkp4ao6e3jmnknz3u3wgjvxcqsc2bewl6tmw52wtq",
            "compute_cluster_id": null,
            "create_vnic_details": [
              {
                "assign_ipv6ip": false,
                "assign_private_dns_record": false,
                "assign_public_ip": "true",
                "defined_tags": {
                  "Oracle-Tags.CreatedBy": "default/alicanada2012@gmail.com",
                  "Oracle-Tags.CreatedOn": "2026-04-19T21:26:14.348Z"
                },
                "display_name": "myapp6",
                "freeform_tags": {},
                "hostname_label": "myapp6",
                "ipv6address_ipv6subnet_cidr_pair_details": [],
                "nsg_ids": [],
                "private_ip": "10.0.0.34",
                "private_ip_id": "",
                "security_attributes": {},
                "skip_source_dest_check": false,
                "subnet_cidr": "",
                "subnet_id": "ocid1.subnet.oc1.iad.aaaaaaaaduiydy72vuvjmeiumaqw27u6y7fb2rqlih6aubxvv6sncw7z4kaa",
                "vlan_id": ""
              }
            ],
            "dedicated_vm_host_id": null,
            "defined_tags": {
              "Oracle-Tags.CreatedBy": "default/alicanada2012@gmail.com",
              "Oracle-Tags.CreatedOn": "2026-04-19T21:26:14.235Z"
            },
            "display_name": "myapp6",
            "extended_metadata": {},
            "fault_domain": "FAULT-DOMAIN-2",
            "freeform_tags": {},
            "hostname_label": "myapp6",
            "id": "ocid1.instance.oc1.iad.anuwcljtn2wfyeacioccelofyokdwgcrvivtxastew6riunlziyd3zy7dd7a",
            "image": "ocid1.image.oc1.iad.aaaaaaaawywbp5pb5hv6pzgih4bfc7euqojmgy7a4b35bfuu5eg7pqo7owqa",
            "instance_configuration_id": null,
            "instance_options": [
              {
                "are_legacy_imds_endpoints_disabled": false
              }
            ],
            "ipxe_script": null,
            "is_ai_enterprise_enabled": null,
            "is_cross_numa_node": false,
            "is_pv_encryption_in_transit_enabled": null,
            "launch_mode": "PARAVIRTUALIZED",
            "launch_options": [
              {
                "boot_volume_type": "PARAVIRTUALIZED",
                "firmware": "UEFI_64",
                "is_consistent_volume_naming_enabled": true,
                "is_pv_encryption_in_transit_enabled": false,
                "network_type": "PARAVIRTUALIZED",
                "remote_data_volume_type": "PARAVIRTUALIZED"
              }
            ],
            "launch_volume_attachments": null,
            "licensing_configs": [],
            "metadata": {
              "ssh_authorized_keys": "ssh-rsa AAAAB3NzaC1yc2EAAAADAQABAAACAQCd3njKCgt2eZoKagtmCgoTtw9AHMwmEWD2xtvN52k2VgLXpbOHy/dp9jw2XIfGhKAicOaNVqmvpS8ai2SceTmJAgE/fSTnqPgBVc/Yv7HcvEa8yh47D2E5IOpQXD19v+7HlAIdW78a6apXJ7If5yNYURnVBmqKf1JqBnGYWpFOvV8iQPQjiZTOkfsuj5r1FlwufGiCAy6OKquuSEYz1hE/qxU191hymDSgewAFidx2V0Z45D5kMLYO5+PN3Ow+XWXwTjikV+TcbYuYeFWeA77r6CaUQO2SdpGAplixf7Arn044oHJILMSwKQ7yNLCfa3PyQeCKUy4Bm20u1UaxhNE49m5nK/63gq6Kf6wfGeXVLNdyi5TqvoZAEnJGKY5GU7WBLfRthxY+apn+xN2nFre5Lf8NkH+P1T/Q03yIPC9IdueuETihAwObQVR63zkXX3/z+gb9WwlIRHDx+yUiXig3P1+lxFn4mcDjR/j5f4c8hn7FvxwxV+8atOPVYDF1K3Z/twV5lTkvHDWWnRHhJ8r3Am+DaCr41d69spAjhX4PWgPqc2YW9sDQVFr+PxLZAZq/oPjXhpgIGRmBdPyI0fFOqFAPU00uBt6CSp12MC10hsheQWfBbxkHj+xmAeyMRMT3pw/wqni5E63bX3fPqy09I2DXOK6Ib2u4qicREADMFw== root@almalinux9\n"
            },
            "placement_constraint_details": [],
            "platform_config": [],
            "preemptible_instance_config": [],
            "preserve_boot_volume": null,
            "preserve_data_volumes_created_at_launch": null,
            "private_ip": "10.0.0.34",
            "public_ip": "150.136.162.43",
            "region": "iad",
            "security_attributes": {},
            "security_attributes_state": "STABLE",
            "shape": "VM.Standard.E2.1.Micro",
            "shape_config": [
              {
                "baseline_ocpu_utilization": "",
                "gpu_description": "",
                "gpus": 0,
                "local_disk_description": "",
                "local_disks": 0,
                "local_disks_total_size_in_gbs": 0,
                "max_vnic_attachments": 1,
                "memory_in_gbs": 1,
                "networking_bandwidth_in_gbps": 0.47999998927116394,
                "nvmes": 0,
                "ocpus": 1,
                "processor_description": "2.0 GHz AMD EPYC™ 7551 (Naples)",
                "resource_management": "",
                "vcpus": 2
              }
            ],
            "source_details": [
              {
                "boot_volume_size_in_gbs": "47",
                "boot_volume_vpus_per_gb": "10",
                "instance_source_image_filter_details": [],
                "is_preserve_boot_volume_enabled": false,
                "kms_key_id": "",
                "source_id": "ocid1.image.oc1.iad.aaaaaaaawywbp5pb5hv6pzgih4bfc7euqojmgy7a4b35bfuu5eg7pqo7owqa",
                "source_type": "image"
              }
            ],
            "state": "RUNNING",
            "subnet_id": "ocid1.subnet.oc1.iad.aaaaaaaaduiydy72vuvjmeiumaqw27u6y7fb2rqlih6aubxvv6sncw7z4kaa",
            "system_tags": {
              "orcl-cloud.free-tier-retained": "true"
            },
            "time_created": "2026-04-19 21:26:14.652 +0000 UTC",
            "time_maintenance_reboot_due": "",
            "timeouts": null,
            "update_operation_constraint": null
          },
          "sensitive_attributes": [],
          "identity_schema_version": 0,
          "private": "eyJlMmJmYjczMC1lY2FhLTExZTYtOGY4OC0zNDM2M2JjN2M0YzAiOnsiY3JlYXRlIjoyNzAwMDAwMDAwMDAwLCJkZWxldGUiOjQ1MDAwMDAwMDAwMDAsInVwZGF0ZSI6MjcwMDAwMDAwMDAwMH19",
          "dependencies": [
            "data.oci_identity_availability_domains.ads"
          ]
        }
      ]
    }
  ],
  "check_results": null
}
